// !$*UTF8*$!
{
	archiveVersion = 1;
	classes = {
	};
	objectVersion = 77;
	objects = {

/* Begin PBXBuildFile section */
		04E0FB97B6EE7E1F4AEFAB35 /* MenuBarController.swift in Sources */ = {isa = PBXBuildFile; fileRef = 941700165C111E76B04CD300 /* MenuBarController.swift */; };
		07AD23476E24B1EF4A0F49FE /* MetricFormatterTests.swift in Sources */ = {isa = PBXBuildFile; fileRef = 5AB0997A4E9ACE2FFE25FFE1 /* MetricFormatterTests.swift */; };
		10C141A21FDE82BC95E24CE4 /* SystemSummaryViewModel.swift in Sources */ = {isa = PBXBuildFile; fileRef = 159CD730784F43EC59156F0B /* SystemSummaryViewModel.swift */; };
		181777D1086B0FD50EE3CF52 /* SettingsStoreTests.swift in Sources */ = {isa = PBXBuildFile; fileRef = DF43AE76CA735DDDDCC666C1 /* SettingsStoreTests.swift */; };
		1D631144D2C545929013DEE3 /* ProcessMemoryItem.swift in Sources */ = {isa = PBXBuildFile; fileRef = D901E1C9F781248BF95B52B9 /* ProcessMemoryItem.swift */; };
		271B9E6956B034459BB892FA /* SettingsView.swift in Sources */ = {isa = PBXBuildFile; fileRef = 7E98B6BA02D22BDCAD766DE5 /* SettingsView.swift */; };
		3D1795B0E1F547AFAF7D956A /* StorageCollector.swift in Sources */ = {isa = PBXBuildFile; fileRef = 07002BDE8626C66BC778862E /* StorageCollector.swift */; };
		4290D58DB4105A57AFF3B1D6 /* SystemSnapshot.swift in Sources */ = {isa = PBXBuildFile; fileRef = F7935D3E06705ABAACAEF85E /* SystemSnapshot.swift */; };
		46CA4FB01FD369F8453F67C7 /* MetricsEngineTests.swift in Sources */ = {isa = PBXBuildFile; fileRef = 721B261287E8F32DBDACDCA7 /* MetricsEngineTests.swift */; };
		4753E5A8D636591BC9BEC382 /* RAMDetailsView.swift in Sources */ = {isa = PBXBuildFile; fileRef = 2665DF7F6E538B2D5D4EF6E9 /* RAMDetailsView.swift */; };
		47CCD1C1A71B3246F51747A5 /* RAMDetailsViewModel.swift in Sources */ = {isa = PBXBuildFile; fileRef = 44C1428F04FBFCBA0C2731DA /* RAMDetailsViewModel.swift */; };
		55686F93103AD144B9AA2FE9 /* SettingsStore.swift in Sources */ = {isa = PBXBuildFile; fileRef = A058DB55BF0F64222249C052 /* SettingsStore.swift */; };
		5C9D22A7CE427706DBDE8FED /* SystemSummaryViewModelTests.swift in Sources */ = {isa = PBXBuildFile; fileRef = F6FEC685BC6C27E89EAC286C /* SystemSummaryViewModelTests.swift */; };
		5FBDD161AF161A4CB8036C06 /* AppContainer.swift in Sources */ = {isa = PBXBuildFile; fileRef = A602D5D8AF1254618D8FF235 /* AppContainer.swift */; };
		640BBE1523C49352D1CB84AF /* ProcessScopeMode.swift in Sources */ = {isa = PBXBuildFile; fileRef = D883EDDC4F49581EDD6ED11C /* ProcessScopeMode.swift */; };
		65268E73F5E06D68CE6DC245 /* LaunchAtLoginManager.swift in Sources */ = {isa = PBXBuildFile; fileRef = B7C939B57C86D6F19C64B50B /* LaunchAtLoginManager.swift */; };
		6644AE576A48C6581840323B /* PopoverRootView.swift in Sources */ = {isa = PBXBuildFile; fileRef = 23B700B03BA8F4DCD30625FB /* PopoverRootView.swift */; };
		6EB425CD1E80D6E318FB3EE9 /* ThermalCardView.swift in Sources */ = {isa = PBXBuildFile; fileRef = 582041D656EB3F83A1E15926 /* ThermalCardView.swift */; };
		7624234E2183B24791F2DC0A /* ProcessProtectionPolicy.swift in Sources */ = {isa = PBXBuildFile; fileRef = CB570304AC01EE313F1CBB4D /* ProcessProtectionPolicy.swift */; };
		7787017B007B171C0EBD60B8 /* SnapshotStore.swift in Sources */ = {isa = PBXBuildFile; fileRef = 772C3D8CEA3E94A326B95755 /* SnapshotStore.swift */; };
		78CB8292ACC26CC5D47B70B3 /* SnapshotStoreTests.swift in Sources */ = {isa = PBXBuildFile; fileRef = 28CD4F8B3CFF153D7BB06F5B /* SnapshotStoreTests.swift */; };
		7C297ED449F5F6A514B986D4 /* MetricsEngine.swift in Sources */ = {isa = PBXBuildFile; fileRef = 2D62B0D507515E565BB9E0A0 /* MetricsEngine.swift */; };
		88387CDAE2AC1CC74EF89B57 /* MacMonitorApp.swift in Sources */ = {isa = PBXBuildFile; fileRef = ADEA6BD38BA8D887B1DB64A9 /* MacMonitorApp.swift */; };
		9D1582E3A3AA0BE3CDC0EC93 /* ThermalCollector.swift in Sources */ = {isa = PBXBuildFile; fileRef = C77F3B3CE81E8983697B5DA3 /* ThermalCollector.swift */; };
		ADF8EAF1A98728FA7C580BB2 /* ProcessProtectionPolicyTests.swift in Sources */ = {isa = PBXBuildFile; fileRef = 7FF888678A69B73A27AC6B5D /* ProcessProtectionPolicyTests.swift */; };
		B0964AC42404F7333DB78FEE /* LibprocProcessListCollector.swift in Sources */ = {isa = PBXBuildFile; fileRef = 4EA87CA5A81227576FA6BD26 /* LibprocProcessListCollector.swift */; };
		B9B2646B05E1B4F110BB12BA /* ProcessListCollecting.swift in Sources */ = {isa = PBXBuildFile; fileRef = ADC871394D58EB83CF7D2840 /* ProcessListCollecting.swift */; };
		BD0EBFDE38B6E99D3010BBC1 /* MetricFormatter.swift in Sources */ = {isa = PBXBuildFile; fileRef = 38E319329C90694AD37693FE /* MetricFormatter.swift */; };
		C3D2FEF7CE1F4DFF98A47FF9 /* RAMDetailsViewModelTests.swift in Sources */ = {isa = PBXBuildFile; fileRef = 9822EA9C9E9CCF975218A861 /* RAMDetailsViewModelTests.swift */; };
		D3520EE7AEADD7A5FA2FAF47 /* MemoryCollector.swift in Sources */ = {isa = PBXBuildFile; fileRef = 6B2C138F9087A204F5154A2C /* MemoryCollector.swift */; };
		D3B341F8A190646028CFB2B5 /* SignalProcessTerminatorTests.swift in Sources */ = {isa = PBXBuildFile; fileRef = 9A2D67A66893D3CE26C64B82 /* SignalProcessTerminatorTests.swift */; };
		E3B018303662F77048E39F73 /* ProcessTerminating.swift in Sources */ = {isa = PBXBuildFile; fileRef = 2B71E11DD38CF47861C9FBD0 /* ProcessTerminating.swift */; };
		EC63DDC09710215EA2588416 /* AppDelegate.swift in Sources */ = {isa = PBXBuildFile; fileRef = 3F3718321C22DD14B8B2D695 /* AppDelegate.swift */; };
/* End PBXBuildFile section */

/* Begin PBXContainerItemProxy section */
		09422FEC7F2490CC38ED2F77 /* PBXContainerItemProxy */ = {
			isa = PBXContainerItemProxy;
			containerPortal = 50A0A2115D830ED94B0DCD89 /* Project object */;
			proxyType = 1;
			remoteGlobalIDString = 8DA8F83F9F811331FC56346B;
			remoteInfo = MacMonitor;
		};
/* End PBXContainerItemProxy section */

/* Begin PBXFileReference section */
		07002BDE8626C66BC778862E /* StorageCollector.swift */ = {isa = PBXFileReference; lastKnownFileType = sourcecode.swift; path = StorageCollector.swift; sourceTree = "<group>"; };
		159CD730784F43EC59156F0B /* SystemSummaryViewModel.swift */ = {isa = PBXFileReference; lastKnownFileType = sourcecode.swift; path = SystemSummaryViewModel.swift; sourceTree = "<group>"; };
		23B700B03BA8F4DCD30625FB /* PopoverRootView.swift */ = {isa = PBXFileReference; lastKnownFileType = sourcecode.swift; path = PopoverRootView.swift; sourceTree = "<group>"; };
		2665DF7F6E538B2D5D4EF6E9 /* RAMDetailsView.swift */ = {isa = PBXFileReference; lastKnownFileType = sourcecode.swift; path = RAMDetailsView.swift; sourceTree = "<group>"; };
		28CD4F8B3CFF153D7BB06F5B /* SnapshotStoreTests.swift */ = {isa = PBXFileReference; lastKnownFileType = sourcecode.swift; path = SnapshotStoreTests.swift; sourceTree = "<group>"; };
		2B71E11DD38CF47861C9FBD0 /* ProcessTerminating.swift */ = {isa = PBXFileReference; lastKnownFileType = sourcecode.swift; path = ProcessTerminating.swift; sourceTree = "<group>"; };
		2D62B0D507515E565BB9E0A0 /* MetricsEngine.swift */ = {isa = PBXFileReference; lastKnownFileType = sourcecode.swift; path = MetricsEngine.swift; sourceTree = "<group>"; };
		38E319329C90694AD37693FE /* MetricFormatter.swift */ = {isa = PBXFileReference; lastKnownFileType = sourcecode.swift; path = MetricFormatter.swift; sourceTree = "<group>"; };
		3F3718321C22DD14B8B2D695 /* AppDelegate.swift */ = {isa = PBXFileReference; lastKnownFileType = sourcecode.swift; path = AppDelegate.swift; sourceTree = "<group>"; };
		44C1428F04FBFCBA0C2731DA /* RAMDetailsViewModel.swift */ = {isa = PBXFileReference; lastKnownFileType = sourcecode.swift; path = RAMDetailsViewModel.swift; sourceTree = "<group>"; };
		4EA87CA5A81227576FA6BD26 /* LibprocProcessListCollector.swift */ = {isa = PBXFileReference; lastKnownFileType = sourcecode.swift; path = LibprocProcessListCollector.swift; sourceTree = "<group>"; };
		56E285A0A1746AE659981F22 /* MacMonitorTests.xctest */ = {isa = PBXFileReference; explicitFileType = wrapper.cfbundle; includeInIndex = 0; path = MacMonitorTests.xctest; sourceTree = BUILT_PRODUCTS_DIR; };
		582041D656EB3F83A1E15926 /* ThermalCardView.swift */ = {isa = PBXFileReference; lastKnownFileType = sourcecode.swift; path = ThermalCardView.swift; sourceTree = "<group>"; };
		5AB0997A4E9ACE2FFE25FFE1 /* MetricFormatterTests.swift */ = {isa = PBXFileReference; lastKnownFileType = sourcecode.swift; path = MetricFormatterTests.swift; sourceTree = "<group>"; };
		6B2C138F9087A204F5154A2C /* MemoryCollector.swift */ = {isa = PBXFileReference; lastKnownFileType = sourcecode.swift; path = MemoryCollector.swift; sourceTree = "<group>"; };
		721B261287E8F32DBDACDCA7 /* MetricsEngineTests.swift */ = {isa = PBXFileReference; lastKnownFileType = sourcecode.swift; path = MetricsEngineTests.swift; sourceTree = "<group>"; };
		772C3D8CEA3E94A326B95755 /* SnapshotStore.swift */ = {isa = PBXFileReference; lastKnownFileType = sourcecode.swift; path = SnapshotStore.swift; sourceTree = "<group>"; };
		7E98B6BA02D22BDCAD766DE5 /* SettingsView.swift */ = {isa = PBXFileReference; lastKnownFileType = sourcecode.swift; path = SettingsView.swift; sourceTree = "<group>"; };
		7FF888678A69B73A27AC6B5D /* ProcessProtectionPolicyTests.swift */ = {isa = PBXFileReference; lastKnownFileType = sourcecode.swift; path = ProcessProtectionPolicyTests.swift; sourceTree = "<group>"; };
		941700165C111E76B04CD300 /* MenuBarController.swift */ = {isa = PBXFileReference; lastKnownFileType = sourcecode.swift; path = MenuBarController.swift; sourceTree = "<group>"; };
		9822EA9C9E9CCF975218A861 /* RAMDetailsViewModelTests.swift */ = {isa = PBXFileReference; lastKnownFileType = sourcecode.swift; path = RAMDetailsViewModelTests.swift; sourceTree = "<group>"; };
		9A2D67A66893D3CE26C64B82 /* SignalProcessTerminatorTests.swift */ = {isa = PBXFileReference; lastKnownFileType = sourcecode.swift; path = SignalProcessTerminatorTests.swift; sourceTree = "<group>"; };
		A058DB55BF0F64222249C052 /* SettingsStore.swift */ = {isa = PBXFileReference; lastKnownFileType = sourcecode.swift; path = SettingsStore.swift; sourceTree = "<group>"; };
		A602D5D8AF1254618D8FF235 /* AppContainer.swift */ = {isa = PBXFileReference; lastKnownFileType = sourcecode.swift; path = AppContainer.swift; sourceTree = "<group>"; };
		ADC871394D58EB83CF7D2840 /* ProcessListCollecting.swift */ = {isa = PBXFileReference; lastKnownFileType = sourcecode.swift; path = ProcessListCollecting.swift; sourceTree = "<group>"; };
		ADEA6BD38BA8D887B1DB64A9 /* MacMonitorApp.swift */ = {isa = PBXFileReference; lastKnownFileType = sourcecode.swift; path = MacMonitorApp.swift; sourceTree = "<group>"; };
		B7C939B57C86D6F19C64B50B /* LaunchAtLoginManager.swift */ = {isa = PBXFileReference; lastKnownFileType = sourcecode.swift; path = LaunchAtLoginManager.swift; sourceTree = "<group>"; };
		C77F3B3CE81E8983697B5DA3 /* ThermalCollector.swift */ = {isa = PBXFileReference; lastKnownFileType = sourcecode.swift; path = ThermalCollector.swift; sourceTree = "<group>"; };
		CB570304AC01EE313F1CBB4D /* ProcessProtectionPolicy.swift */ = {isa = PBXFileReference; lastKnownFileType = sourcecode.swift; path = ProcessProtectionPolicy.swift; sourceTree = "<group>"; };
		D883EDDC4F49581EDD6ED11C /* ProcessScopeMode.swift */ = {isa = PBXFileReference; lastKnownFileType = sourcecode.swift; path = ProcessScopeMode.swift; sourceTree = "<group>"; };
		D901E1C9F781248BF95B52B9 /* ProcessMemoryItem.swift */ = {isa = PBXFileReference; lastKnownFileType = sourcecode.swift; path = ProcessMemoryItem.swift; sourceTree = "<group>"; };
		DF43AE76CA735DDDDCC666C1 /* SettingsStoreTests.swift */ = {isa = PBXFileReference; lastKnownFileType = sourcecode.swift; path = SettingsStoreTests.swift; sourceTree = "<group>"; };
		F5EC59DCDA5FABDA409CDBCB /* MacMonitor.app */ = {isa = PBXFileReference; explicitFileType = wrapper.application; includeInIndex = 0; path = MacMonitor.app; sourceTree = BUILT_PRODUCTS_DIR; };
		F6FEC685BC6C27E89EAC286C /* SystemSummaryViewModelTests.swift */ = {isa = PBXFileReference; lastKnownFileType = sourcecode.swift; path = SystemSummaryViewModelTests.swift; sourceTree = "<group>"; };
		F7935D3E06705ABAACAEF85E /* SystemSnapshot.swift */ = {isa = PBXFileReference; lastKnownFileType = sourcecode.swift; path = SystemSnapshot.swift; sourceTree = "<group>"; };
/* End PBXFileReference section */

/* Begin PBXGroup section */
		16E5092A6F91199FD6A79576 /* Processes */ = {
			isa = PBXGroup;
			children = (
				4EA87CA5A81227576FA6BD26 /* LibprocProcessListCollector.swift */,
				ADC871394D58EB83CF7D2840 /* ProcessListCollecting.swift */,
				D901E1C9F781248BF95B52B9 /* ProcessMemoryItem.swift */,
				CB570304AC01EE313F1CBB4D /* ProcessProtectionPolicy.swift */,
				D883EDDC4F49581EDD6ED11C /* ProcessScopeMode.swift */,
				2B71E11DD38CF47861C9FBD0 /* ProcessTerminating.swift */,
			);
			path = Processes;
			sourceTree = "<group>";
		};
		1E4B6EF5F92A76F77E44AEAD = {
			isa = PBXGroup;
			children = (
				2D4E3C74114E2D44711BCFAD /* Sources */,
				C9A24E2CE4CBD45E8F5175DD /* Tests */,
				C80C3EEE8F912F4B214102E3 /* Products */,
			);
			sourceTree = "<group>";
		};
		2D4E3C74114E2D44711BCFAD /* Sources */ = {
			isa = PBXGroup;
			children = (
				4D8D8B40632C525CBC1D0E43 /* App */,
				54787E6270EA7B9A1BE11359 /* Core */,
				5FA2E2964EA856C8DFD82C6F /* Features */,
				D0091B573F18374FAEC46395 /* Support */,
			);
			name = Sources;
			path = MacMonitor/Sources;
			sourceTree = "<group>";
		};
		3CFB71DD9827FA5E8908E755 /* Domain */ = {
			isa = PBXGroup;
			children = (
				F7935D3E06705ABAACAEF85E /* SystemSnapshot.swift */,
			);
			path = Domain;
			sourceTree = "<group>";
		};
		438C6F01E1E2C3EF357FE17E /* Collectors */ = {
			isa = PBXGroup;
			children = (
				6B2C138F9087A204F5154A2C /* MemoryCollector.swift */,
				07002BDE8626C66BC778862E /* StorageCollector.swift */,
				C77F3B3CE81E8983697B5DA3 /* ThermalCollector.swift */,
			);
			path = Collectors;
			sourceTree = "<group>";
		};
		4D8D8B40632C525CBC1D0E43 /* App */ = {
			isa = PBXGroup;
			children = (
				3F3718321C22DD14B8B2D695 /* AppDelegate.swift */,
				ADEA6BD38BA8D887B1DB64A9 /* MacMonitorApp.swift */,
			);
			path = App;
			sourceTree = "<group>";
		};
		54787E6270EA7B9A1BE11359 /* Core */ = {
			isa = PBXGroup;
			children = (
				7599FCB01E5903AC47909BEE /* DI */,
				3CFB71DD9827FA5E8908E755 /* Domain */,
				DA807A04697D987D8A581491 /* Formatting */,
				885F813C64504C9429F60954 /* Metrics */,
				866033128E87B7EEEB497D5F /* Persistence */,
				16E5092A6F91199FD6A79576 /* Processes */,
			);
			path = Core;
			sourceTree = "<group>";
		};
		599BEB168485A6A50D971AFF /* MenuBar */ = {
			isa = PBXGroup;
			children = (
				941700165C111E76B04CD300 /* MenuBarController.swift */,
			);
			path = MenuBar;
			sourceTree = "<group>";
		};
		5FA2E2964EA856C8DFD82C6F /* Features */ = {
			isa = PBXGroup;
			children = (
				599BEB168485A6A50D971AFF /* MenuBar */,
				D10CAB439D25EAEADCDFB985 /* Popover */,
				FDD55BA6F4C9EFC9A6F871B0 /* RAMDetails */,
				8FE53533835BAF84D19DEB3F /* Settings */,
			);
			path = Features;
			sourceTree = "<group>";
		};
		7599FCB01E5903AC47909BEE /* DI */ = {
			isa = PBXGroup;
			children = (
				A602D5D8AF1254618D8FF235 /* AppContainer.swift */,
			);
			path = DI;
			sourceTree = "<group>";
		};
		866033128E87B7EEEB497D5F /* Persistence */ = {
			isa = PBXGroup;
			children = (
				772C3D8CEA3E94A326B95755 /* SnapshotStore.swift */,
			);
			path = Persistence;
			sourceTree = "<group>";
		};
		885F813C64504C9429F60954 /* Metrics */ = {
			isa = PBXGroup;
			children = (
				2D62B0D507515E565BB9E0A0 /* MetricsEngine.swift */,
				438C6F01E1E2C3EF357FE17E /* Collectors */,
			);
			path = Metrics;
			sourceTree = "<group>";
		};
		8FE53533835BAF84D19DEB3F /* Settings */ = {
			isa = PBXGroup;
			children = (
				A058DB55BF0F64222249C052 /* SettingsStore.swift */,
				7E98B6BA02D22BDCAD766DE5 /* SettingsView.swift */,
			);
			path = Settings;
			sourceTree = "<group>";
		};
		C80C3EEE8F912F4B214102E3 /* Products */ = {
			isa = PBXGroup;
			children = (
				F5EC59DCDA5FABDA409CDBCB /* MacMonitor.app */,
				56E285A0A1746AE659981F22 /* MacMonitorTests.xctest */,
			);
			name = Products;
			sourceTree = "<group>";
		};
		C9A24E2CE4CBD45E8F5175DD /* Tests */ = {
			isa = PBXGroup;
			children = (
				5AB0997A4E9ACE2FFE25FFE1 /* MetricFormatterTests.swift */,
				721B261287E8F32DBDACDCA7 /* MetricsEngineTests.swift */,
				7FF888678A69B73A27AC6B5D /* ProcessProtectionPolicyTests.swift */,
				9822EA9C9E9CCF975218A861 /* RAMDetailsViewModelTests.swift */,
				DF43AE76CA735DDDDCC666C1 /* SettingsStoreTests.swift */,
				9A2D67A66893D3CE26C64B82 /* SignalProcessTerminatorTests.swift */,
				28CD4F8B3CFF153D7BB06F5B /* SnapshotStoreTests.swift */,
				F6FEC685BC6C27E89EAC286C /* SystemSummaryViewModelTests.swift */,
			);
			name = Tests;
			path = MacMonitor/Tests;
			sourceTree = "<group>";
		};
		D0091B573F18374FAEC46395 /* Support */ = {
			isa = PBXGroup;
			children = (
				B7C939B57C86D6F19C64B50B /* LaunchAtLoginManager.swift */,
			);
			path = Support;
			sourceTree = "<group>";
		};
		D10CAB439D25EAEADCDFB985 /* Popover */ = {
			isa = PBXGroup;
			children = (
				23B700B03BA8F4DCD30625FB /* PopoverRootView.swift */,
				159CD730784F43EC59156F0B /* SystemSummaryViewModel.swift */,
				582041D656EB3F83A1E15926 /* ThermalCardView.swift */,
			);
			path = Popover;
			sourceTree = "<group>";
		};
		DA807A04697D987D8A581491 /* Formatting */ = {
			isa = PBXGroup;
			children = (
				38E319329C90694AD37693FE /* MetricFormatter.swift */,
			);
			path = Formatting;
			sourceTree = "<group>";
		};
		FDD55BA6F4C9EFC9A6F871B0 /* RAMDetails */ = {
			isa = PBXGroup;
			children = (
				2665DF7F6E538B2D5D4EF6E9 /* RAMDetailsView.swift */,
				44C1428F04FBFCBA0C2731DA /* RAMDetailsViewModel.swift */,
			);
			path = RAMDetails;
			sourceTree = "<group>";
		};
/* End PBXGroup section */

/* Begin PBXNativeTarget section */
		8DA8F83F9F811331FC56346B /* MacMonitor */ = {
			isa = PBXNativeTarget;
			buildConfigurationList = F8BFF00A996663DD56D3BBC8 /* Build configuration list for PBXNativeTarget "MacMonitor" */;
			buildPhases = (
				9F478799591119C7B9BC9B18 /* Sources */,
			);
			buildRules = (
			);
			dependencies = (
			);
			name = MacMonitor;
			packageProductDependencies = (
			);
			productName = MacMonitor;
			productReference = F5EC59DCDA5FABDA409CDBCB /* MacMonitor.app */;
			productType = "com.apple.product-type.application";
		};
		AC0AE508FCA91494F76BAB20 /* MacMonitorTests */ = {
			isa = PBXNativeTarget;
			buildConfigurationList = 7116650F4E57A5D713138F34 /* Build configuration list for PBXNativeTarget "MacMonitorTests" */;
			buildPhases = (
				28403A95C96F704B96652C2E /* Sources */,
			);
			buildRules = (
			);
			dependencies = (
				E940019BD253D9933F8340A5 /* PBXTargetDependency */,
			);
			name = MacMonitorTests;
			packageProductDependencies = (
			);
			productName = MacMonitorTests;
			productReference = 56E285A0A1746AE659981F22 /* MacMonitorTests.xctest */;
			productType = "com.apple.product-type.bundle.unit-test";
		};
/* End PBXNativeTarget section */

/* Begin PBXProject section */
		50A0A2115D830ED94B0DCD89 /* Project object */ = {
			isa = PBXProject;
			attributes = {
				BuildIndependentTargetsInParallel = YES;
				LastUpgradeCheck = 1430;
			};
			buildConfigurationList = 00AAEAE8F34AB900B7EE6E43 /* Build configuration list for PBXProject "MacMonitor" */;
			compatibilityVersion = "Xcode 14.0";
			developmentRegion = en;
			hasScannedForEncodings = 0;
			knownRegions = (
				Base,
				en,
			);
			mainGroup = 1E4B6EF5F92A76F77E44AEAD;
			minimizedProjectReferenceProxies = 1;
			preferredProjectObjectVersion = 77;
			projectDirPath = "";
			projectRoot = "";
			targets = (
				8DA8F83F9F811331FC56346B /* MacMonitor */,
				AC0AE508FCA91494F76BAB20 /* MacMonitorTests */,
			);
		};
/* End PBXProject section */

/* Begin PBXSourcesBuildPhase section */
		28403A95C96F704B96652C2E /* Sources */ = {
			isa = PBXSourcesBuildPhase;
			buildActionMask = 2147483647;
			files = (
				07AD23476E24B1EF4A0F49FE /* MetricFormatterTests.swift in Sources */,
				46CA4FB01FD369F8453F67C7 /* MetricsEngineTests.swift in Sources */,
				ADF8EAF1A98728FA7C580BB2 /* ProcessProtectionPolicyTests.swift in Sources */,
				C3D2FEF7CE1F4DFF98A47FF9 /* RAMDetailsViewModelTests.swift in Sources */,
				181777D1086B0FD50EE3CF52 /* SettingsStoreTests.swift in Sources */,
				D3B341F8A190646028CFB2B5 /* SignalProcessTerminatorTests.swift in Sources */,
				78CB8292ACC26CC5D47B70B3 /* SnapshotStoreTests.swift in Sources */,
				5C9D22A7CE427706DBDE8FED /* SystemSummaryViewModelTests.swift in Sources */,
			);
			runOnlyForDeploymentPostprocessing = 0;
		};
		9F478799591119C7B9BC9B18 /* Sources */ = {
			isa = PBXSourcesBuildPhase;
			buildActionMask = 2147483647;
			files = (
				5FBDD161AF161A4CB8036C06 /* AppContainer.swift in Sources */,
				EC63DDC09710215EA2588416 /* AppDelegate.swift in Sources */,
				65268E73F5E06D68CE6DC245 /* LaunchAtLoginManager.swift in Sources */,
				B0964AC42404F7333DB78FEE /* LibprocProcessListCollector.swift in Sources */,
				88387CDAE2AC1CC74EF89B57 /* MacMonitorApp.swift in Sources */,
				D3520EE7AEADD7A5FA2FAF47 /* MemoryCollector.swift in Sources */,
				04E0FB97B6EE7E1F4AEFAB35 /* MenuBarController.swift in Sources */,
				BD0EBFDE38B6E99D3010BBC1 /* MetricFormatter.swift in Sources */,
				7C297ED449F5F6A514B986D4 /* MetricsEngine.swift in Sources */,
				6644AE576A48C6581840323B /* PopoverRootView.swift in Sources */,
				B9B2646B05E1B4F110BB12BA /* ProcessListCollecting.swift in Sources */,
				1D631144D2C545929013DEE3 /* ProcessMemoryItem.swift in Sources */,
				7624234E2183B24791F2DC0A /* ProcessProtectionPolicy.swift in Sources */,
				640BBE1523C49352D1CB84AF /* ProcessScopeMode.swift in Sources */,
				E3B018303662F77048E39F73 /* ProcessTerminating.swift in Sources */,
				4753E5A8D636591BC9BEC382 /* RAMDetailsView.swift in Sources */,
				47CCD1C1A71B3246F51747A5 /* RAMDetailsViewModel.swift in Sources */,
				55686F93103AD144B9AA2FE9 /* SettingsStore.swift in Sources */,
				271B9E6956B034459BB892FA /* SettingsView.swift in Sources */,
				7787017B007B171C0EBD60B8 /* SnapshotStore.swift in Sources */,
				3D1795B0E1F547AFAF7D956A /* StorageCollector.swift in Sources */,
				4290D58DB4105A57AFF3B1D6 /* SystemSnapshot.swift in Sources */,
				10C141A21FDE82BC95E24CE4 /* SystemSummaryViewModel.swift in Sources */,
				6EB425CD1E80D6E318FB3EE9 /* ThermalCardView.swift in Sources */,
				9D1582E3A3AA0BE3CDC0EC93 /* ThermalCollector.swift in Sources */,
			);
			runOnlyForDeploymentPostprocessing = 0;
		};
/* End PBXSourcesBuildPhase section */

/* Begin PBXTargetDependency section */
		E940019BD253D9933F8340A5 /* PBXTargetDependency */ = {
			isa = PBXTargetDependency;
			target = 8DA8F83F9F811331FC56346B /* MacMonitor */;
			targetProxy = 09422FEC7F2490CC38ED2F77 /* PBXContainerItemProxy */;
		};
/* End PBXTargetDependency section */

/* Begin XCBuildConfiguration section */
		3BE0BD5FC635F9E80F31CE13 /* Debug */ = {
			isa = XCBuildConfiguration;
			buildSettings = {
				ASSETCATALOG_COMPILER_APPICON_NAME = AppIcon;
				COMBINE_HIDPI_IMAGES = YES;
				CURRENT_PROJECT_VERSION = 1;
				GENERATE_INFOPLIST_FILE = YES;
				INFOPLIST_KEY_CFBundleDisplayName = MacMonitor;
				INFOPLIST_KEY_LSUIElement = YES;
				LD_RUNPATH_SEARCH_PATHS = (
					"$(inherited)",
					"@executable_path/../Frameworks",
				);
				MACOSX_DEPLOYMENT_TARGET = 14.0;
				MARKETING_VERSION = 0.1.0;
				PRODUCT_BUNDLE_IDENTIFIER = com.oscar.macmonitor;
				PRODUCT_NAME = MacMonitor;
				SDKROOT = macosx;
			};
			name = Debug;
		};
		59F6FC23B6D4F0B126319453 /* Release */ = {
			isa = XCBuildConfiguration;
			buildSettings = {
				BUNDLE_LOADER = "$(TEST_HOST)";
				COMBINE_HIDPI_IMAGES = YES;
				GENERATE_INFOPLIST_FILE = YES;
				LD_RUNPATH_SEARCH_PATHS = (
					"$(inherited)",
					"@executable_path/../Frameworks",
					"@loader_path/../Frameworks",
				);
				MACOSX_DEPLOYMENT_TARGET = 14.0;
				PRODUCT_BUNDLE_IDENTIFIER = com.oscar.MacMonitorTests;
				SDKROOT = macosx;
				TEST_HOST = "$(BUILT_PRODUCTS_DIR)/MacMonitor.app/Contents/MacOS/MacMonitor";
			};
			name = Release;
		};
		5B1AD1F77021853BC57757D7 /* Release */ = {
			isa = XCBuildConfiguration;
			buildSettings = {
				ALWAYS_SEARCH_USER_PATHS = NO;
				CLANG_ANALYZER_NONNULL = YES;
				CLANG_ANALYZER_NUMBER_OBJECT_CONVERSION = YES_AGGRESSIVE;
				CLANG_CXX_LANGUAGE_STANDARD = "gnu++14";
				CLANG_CXX_LIBRARY = "libc++";
				CLANG_ENABLE_MODULES = YES;
				CLANG_ENABLE_OBJC_ARC = YES;
				CLANG_ENABLE_OBJC_WEAK = YES;
				CLANG_WARN_BLOCK_CAPTURE_AUTORELEASING = YES;
				CLANG_WARN_BOOL_CONVERSION = YES;
				CLANG_WARN_COMMA = YES;
				CLANG_WARN_CONSTANT_CONVERSION = YES;
				CLANG_WARN_DEPRECATED_OBJC_IMPLEMENTATIONS = YES;
				CLANG_WARN_DIRECT_OBJC_ISA_USAGE = YES_ERROR;
				CLANG_WARN_DOCUMENTATION_COMMENTS = YES;
				CLANG_WARN_EMPTY_BODY = YES;
				CLANG_WARN_ENUM_CONVERSION = YES;
				CLANG_WARN_INFINITE_RECURSION = YES;
				CLANG_WARN_INT_CONVERSION = YES;
				CLANG_WARN_NON_LITERAL_NULL_CONVERSION = YES;
				CLANG_WARN_OBJC_IMPLICIT_RETAIN_SELF = YES;
				CLANG_WARN_OBJC_LITERAL_CONVERSION = YES;
				CLANG_WARN_OBJC_ROOT_CLASS = YES_ERROR;
				CLANG_WARN_QUOTED_INCLUDE_IN_FRAMEWORK_HEADER = YES;
				CLANG_WARN_RANGE_LOOP_ANALYSIS = YES;
				CLANG_WARN_STRICT_PROTOTYPES = YES;
				CLANG_WARN_SUSPICIOUS_MOVE = YES;
				CLANG_WARN_UNGUARDED_AVAILABILITY = YES_AGGRESSIVE;
				CLANG_WARN_UNREACHABLE_CODE = YES;
				CLANG_WARN__DUPLICATE_METHOD_MATCH = YES;
				COPY_PHASE_STRIP = NO;
				DEBUG_INFORMATION_FORMAT = "dwarf-with-dsym";
				ENABLE_NS_ASSERTIONS = NO;
				ENABLE_STRICT_OBJC_MSGSEND = YES;
				GCC_C_LANGUAGE_STANDARD = gnu11;
				GCC_NO_COMMON_BLOCKS = YES;
				GCC_WARN_64_TO_32_BIT_CONVERSION = YES;
				GCC_WARN_ABOUT_RETURN_TYPE = YES_ERROR;
				GCC_WARN_UNDECLARED_SELECTOR = YES;
				GCC_WARN_UNINITIALIZED_AUTOS = YES_AGGRESSIVE;
				GCC_WARN_UNUSED_FUNCTION = YES;
				GCC_WARN_UNUSED_VARIABLE = YES;
				MTL_ENABLE_DEBUG_INFO = NO;
				MTL_FAST_MATH = YES;
				PRODUCT_NAME = "$(TARGET_NAME)";
				SDKROOT = macosx;
				SWIFT_COMPILATION_MODE = wholemodule;
				SWIFT_OPTIMIZATION_LEVEL = "-O";
				SWIFT_VERSION = 6.0;
			};
			name = Release;
		};
		5D8000DCD693316A897E9E66 /* Debug */ = {
			isa = XCBuildConfiguration;
			buildSettings = {
				BUNDLE_LOADER = "$(TEST_HOST)";
				COMBINE_HIDPI_IMAGES = YES;
				GENERATE_INFOPLIST_FILE = YES;
				LD_RUNPATH_SEARCH_PATHS = (
					"$(inherited)",
					"@executable_path/../Frameworks",
					"@loader_path/../Frameworks",
				);
				MACOSX_DEPLOYMENT_TARGET = 14.0;
				PRODUCT_BUNDLE_IDENTIFIER = com.oscar.MacMonitorTests;
				SDKROOT = macosx;
				TEST_HOST = "$(BUILT_PRODUCTS_DIR)/MacMonitor.app/Contents/MacOS/MacMonitor";
			};
			name = Debug;
		};
		67DE32FBD89D242E194436AA /* Debug */ = {
			isa = XCBuildConfiguration;
			buildSettings = {
				ALWAYS_SEARCH_USER_PATHS = NO;
				CLANG_ANALYZER_NONNULL = YES;
				CLANG_ANALYZER_NUMBER_OBJECT_CONVERSION = YES_AGGRESSIVE;
				CLANG_CXX_LANGUAGE_STANDARD = "gnu++14";
				CLANG_CXX_LIBRARY = "libc++";
				CLANG_ENABLE_MODULES = YES;
				CLANG_ENABLE_OBJC_ARC = YES;
				CLANG_ENABLE_OBJC_WEAK = YES;
				CLANG_WARN_BLOCK_CAPTURE_AUTORELEASING = YES;
				CLANG_WARN_BOOL_CONVERSION = YES;
				CLANG_WARN_COMMA = YES;
				CLANG_WARN_CONSTANT_CONVERSION = YES;
				CLANG_WARN_DEPRECATED_OBJC_IMPLEMENTATIONS = YES;
				CLANG_WARN_DIRECT_OBJC_ISA_USAGE = YES_ERROR;
				CLANG_WARN_DOCUMENTATION_COMMENTS = YES;
				CLANG_WARN_EMPTY_BODY = YES;
				CLANG_WARN_ENUM_CONVERSION = YES;
				CLANG_WARN_INFINITE_RECURSION = YES;
				CLANG_WARN_INT_CONVERSION = YES;
				CLANG_WARN_NON_LITERAL_NULL_CONVERSION = YES;
				CLANG_WARN_OBJC_IMPLICIT_RETAIN_SELF = YES;
				CLANG_WARN_OBJC_LITERAL_CONVERSION = YES;
				CLANG_WARN_OBJC_ROOT_CLASS = YES_ERROR;
				CLANG_WARN_QUOTED_INCLUDE_IN_FRAMEWORK_HEADER = YES;
				CLANG_WARN_RANGE_LOOP_ANALYSIS = YES;
				CLANG_WARN_STRICT_PROTOTYPES = YES;
				CLANG_WARN_SUSPICIOUS_MOVE = YES;
				CLANG_WARN_UNGUARDED_AVAILABILITY = YES_AGGRESSIVE;
				CLANG_WARN_UNREACHABLE_CODE = YES;
				CLANG_WARN__DUPLICATE_METHOD_MATCH = YES;
				COPY_PHASE_STRIP = NO;
				DEBUG_INFORMATION_FORMAT = dwarf;
				ENABLE_STRICT_OBJC_MSGSEND = YES;
				ENABLE_TESTABILITY = YES;
				GCC_C_LANGUAGE_STANDARD = gnu11;
				GCC_DYNAMIC_NO_PIC = NO;
				GCC_NO_COMMON_BLOCKS = YES;
				GCC_OPTIMIZATION_LEVEL = 0;
				GCC_PREPROCESSOR_DEFINITIONS = (
					"$(inherited)",
					"DEBUG=1",
				);
				GCC_WARN_64_TO_32_BIT_CONVERSION = YES;
				GCC_WARN_ABOUT_RETURN_TYPE = YES_ERROR;
				GCC_WARN_UNDECLARED_SELECTOR = YES;
				GCC_WARN_UNINITIALIZED_AUTOS = YES_AGGRESSIVE;
				GCC_WARN_UNUSED_FUNCTION = YES;
				GCC_WARN_UNUSED_VARIABLE = YES;
				MTL_ENABLE_DEBUG_INFO = INCLUDE_SOURCE;
				MTL_FAST_MATH = YES;
				ONLY_ACTIVE_ARCH = YES;
				PRODUCT_NAME = "$(TARGET_NAME)";
				SDKROOT = macosx;
				SWIFT_ACTIVE_COMPILATION_CONDITIONS = DEBUG;
				SWIFT_OPTIMIZATION_LEVEL = "-Onone";
				SWIFT_VERSION = 6.0;
			};
			name = Debug;
		};
		7FA38ECBD02E9FC203FFF0EA /* Release */ = {
			isa = XCBuildConfiguration;
			buildSettings = {
				ASSETCATALOG_COMPILER_APPICON_NAME = AppIcon;
				COMBINE_HIDPI_IMAGES = YES;
				CURRENT_PROJECT_VERSION = 1;
				GENERATE_INFOPLIST_FILE = YES;
				INFOPLIST_KEY_CFBundleDisplayName = MacMonitor;
				INFOPLIST_KEY_LSUIElement = YES;
				LD_RUNPATH_SEARCH_PATHS = (
					"$(inherited)",
					"@executable_path/../Frameworks",
				);
				MACOSX_DEPLOYMENT_TARGET = 14.0;
				MARKETING_VERSION = 0.1.0;
				PRODUCT_BUNDLE_IDENTIFIER = com.oscar.macmonitor;
				PRODUCT_NAME = MacMonitor;
				SDKROOT = macosx;
			};
			name = Release;
		};
/* End XCBuildConfiguration section */

/* Begin XCConfigurationList section */
		00AAEAE8F34AB900B7EE6E43 /* Build configuration list for PBXProject "MacMonitor" */ = {
			isa = XCConfigurationList;
			buildConfigurations = (
				67DE32FBD89D242E194436AA /* Debug */,
				5B1AD1F77021853BC57757D7 /* Release */,
			);
			defaultConfigurationIsVisible = 0;
			defaultConfigurationName = Debug;
		};
		7116650F4E57A5D713138F34 /* Build configuration list for PBXNativeTarget "MacMonitorTests" */ = {
			isa = XCConfigurationList;
			buildConfigurations = (
				5D8000DCD693316A897E9E66 /* Debug */,
				59F6FC23B6D4F0B126319453 /* Release */,
			);
			defaultConfigurationIsVisible = 0;
			defaultConfigurationName = Debug;
		};
		F8BFF00A996663DD56D3BBC8 /* Build configuration list for PBXNativeTarget "MacMonitor" */ = {
			isa = XCConfigurationList;
			buildConfigurations = (
				3BE0BD5FC635F9E80F31CE13 /* Debug */,
				7FA38ECBD02E9FC203FFF0EA /* Release */,
			);
			defaultConfigurationIsVisible = 0;
			defaultConfigurationName = Debug;
		};
/* End XCConfigurationList section */
	};
	rootObject = 50A0A2115D830ED94B0DCD89 /* Project object */;
}
